
Microsoft Visual Studio Solution File, Format Version 12.00
# Visual Studio 2012
Project("{FAE04EC0-301F-11D3-BF4B-00C04F79EFBC}") = "TextStyles.Droid", "TextStyles.Droid\TextStyles.Droid.csproj", "{B77C703E-9E25-4911-B87D-A52AECE41091}"
EndProject
Project("{FAE04EC0-301F-11D3-BF4B-00C04F79EFBC}") = "TextStyles.Core", "TextStyles.Core\TextStyles.Core.csproj", "{D511DFCF-6B36-431D-9381-BF05DFB965E3}"
EndProject
Project("{FAE04EC0-301F-11D3-BF4B-00C04F79EFBC}") = "TextStyles.Touch", "TextStyles.Touch\TextStyles.Touch.csproj", "{C2610B1A-1718-4F31-BBAF-FF24C5CAC9F9}"
EndProject
Project("{2150E333-8FDC-42A3-9474-1A3956D46DE8}") = "Demos", "Demos", "{8F919445-3B15-4DC1-BB4A-501F6066D5AE}"
EndProject
Project("{FAE04EC0-301F-11D3-BF4B-00C04F79EFBC}") = "TextStyleDroidDemo", "TextStyleDroidDemo\TextStyleDroidDemo.csproj", "{75905F64-B1C3-41E0-8284-F51588588B39}"
EndProject
Project("{FAE04EC0-301F-11D3-BF4B-00C04F79EFBC}") = "TextStyleTouchDemo", "TextStyleTouchDemo\TextStyleTouchDemo.csproj", "{ED18D472-84FA-4C32-88BF-B14F8FEB8177}"
EndProject
Global
	GlobalSection(SolutionConfigurationPlatforms) = preSolution
		Debug|Any CPU = Debug|Any CPU
		Release|Any CPU = Release|Any CPU
		Debug|iPhoneSimulator = Debug|iPhoneSimulator
		Release|iPhone = Release|iPhone
		Release|iPhoneSimulator = Release|iPhoneSimulator
		Debug|iPhone = Debug|iPhone
	EndGlobalSection
	GlobalSection(ProjectConfigurationPlatforms) = postSolution
		{75905F64-B1C3-41E0-8284-F51588588B39}.Debug|Any CPU.ActiveCfg = Debug|Any CPU
		{75905F64-B1C3-41E0-8284-F51588588B39}.Debug|Any CPU.Build.0 = Debug|Any CPU
		{75905F64-B1C3-41E0-8284-F51588588B39}.Debug|iPhone.ActiveCfg = Debug|Any CPU
		{75905F64-B1C3-41E0-8284-F51588588B39}.Debug|iPhone.Build.0 = Debug|Any CPU
		{75905F64-B1C3-41E0-8284-F51588588B39}.Debug|iPhoneSimulator.ActiveCfg = Debug|Any CPU
		{75905F64-B1C3-41E0-8284-F51588588B39}.Debug|iPhoneSimulator.Build.0 = Debug|Any CPU
		{75905F64-B1C3-41E0-8284-F51588588B39}.Release|Any CPU.ActiveCfg = Release|Any CPU
		{75905F64-B1C3-41E0-8284-F51588588B39}.Release|Any CPU.Build.0 = Release|Any CPU
		{75905F64-B1C3-41E0-8284-F51588588B39}.Release|iPhone.ActiveCfg = Release|Any CPU
		{75905F64-B1C3-41E0-8284-F51588588B39}.Release|iPhone.Build.0 = Release|Any CPU
		{75905F64-B1C3-41E0-8284-F51588588B39}.Release|iPhoneSimulator.ActiveCfg = Release|Any CPU
		{75905F64-B1C3-41E0-8284-F51588588B39}.Release|iPhoneSimulator.Build.0 = Release|Any CPU
		{B77C703E-9E25-4911-B87D-A52AECE41091}.Debug|Any CPU.ActiveCfg = Debug|Any CPU
		{B77C703E-9E25-4911-B87D-A52AECE41091}.Debug|Any CPU.Build.0 = Debug|Any CPU
		{B77C703E-9E25-4911-B87D-A52AECE41091}.Debug|iPhone.ActiveCfg = Debug|Any CPU
		{B77C703E-9E25-4911-B87D-A52AECE41091}.Debug|iPhone.Build.0 = Debug|Any CPU
		{B77C703E-9E25-4911-B87D-A52AECE41091}.Debug|iPhoneSimulator.ActiveCfg = Debug|Any CPU
		{B77C703E-9E25-4911-B87D-A52AECE41091}.Debug|iPhoneSimulator.Build.0 = Debug|Any CPU
		{B77C703E-9E25-4911-B87D-A52AECE41091}.Release|Any CPU.ActiveCfg = Release|Any CPU
		{B77C703E-9E25-4911-B87D-A52AECE41091}.Release|Any CPU.Build.0 = Release|Any CPU
		{B77C703E-9E25-4911-B87D-A52AECE41091}.Release|iPhone.ActiveCfg = Release|Any CPU
		{B77C703E-9E25-4911-B87D-A52AECE41091}.Release|iPhone.Build.0 = Release|Any CPU
		{B77C703E-9E25-4911-B87D-A52AECE41091}.Release|iPhoneSimulator.ActiveCfg = Release|Any CPU
		{B77C703E-9E25-4911-B87D-A52AECE41091}.Release|iPhoneSimulator.Build.0 = Release|Any CPU
		{C2610B1A-1718-4F31-BBAF-FF24C5CAC9F9}.Debug|Any CPU.ActiveCfg = Debug|Any CPU
		{C2610B1A-1718-4F31-BBAF-FF24C5CAC9F9}.Debug|Any CPU.Build.0 = Debug|Any CPU
		{C2610B1A-1718-4F31-BBAF-FF24C5CAC9F9}.Debug|iPhone.ActiveCfg = Debug|Any CPU
		{C2610B1A-1718-4F31-BBAF-FF24C5CAC9F9}.Debug|iPhone.Build.0 = Debug|Any CPU
		{C2610B1A-1718-4F31-BBAF-FF24C5CAC9F9}.Debug|iPhoneSimulator.ActiveCfg = Debug|Any CPU
		{C2610B1A-1718-4F31-BBAF-FF24C5CAC9F9}.Debug|iPhoneSimulator.Build.0 = Debug|Any CPU
		{C2610B1A-1718-4F31-BBAF-FF24C5CAC9F9}.Release|Any CPU.ActiveCfg = Release|Any CPU
		{C2610B1A-1718-4F31-BBAF-FF24C5CAC9F9}.Release|Any CPU.Build.0 = Release|Any CPU
		{C2610B1A-1718-4F31-BBAF-FF24C5CAC9F9}.Release|iPhone.ActiveCfg = Release|Any CPU
		{C2610B1A-1718-4F31-BBAF-FF24C5CAC9F9}.Release|iPhone.Build.0 = Release|Any CPU
		{C2610B1A-1718-4F31-BBAF-FF24C5CAC9F9}.Release|iPhoneSimulator.ActiveCfg = Release|Any CPU
		{C2610B1A-1718-4F31-BBAF-FF24C5CAC9F9}.Release|iPhoneSimulator.Build.0 = Release|Any CPU
		{D511DFCF-6B36-431D-9381-BF05DFB965E3}.Debug|Any CPU.ActiveCfg = Debug|Any CPU
		{D511DFCF-6B36-431D-9381-BF05DFB965E3}.Debug|Any CPU.Build.0 = Debug|Any CPU
		{D511DFCF-6B36-431D-9381-BF05DFB965E3}.Debug|iPhone.ActiveCfg = Debug|Any CPU
		{D511DFCF-6B36-431D-9381-BF05DFB965E3}.Debug|iPhone.Build.0 = Debug|Any CPU
		{D511DFCF-6B36-431D-9381-BF05DFB965E3}.Debug|iPhoneSimulator.ActiveCfg = Debug|Any CPU
		{D511DFCF-6B36-431D-9381-BF05DFB965E3}.Debug|iPhoneSimulator.Build.0 = Debug|Any CPU
		{D511DFCF-6B36-431D-9381-BF05DFB965E3}.Release|Any CPU.ActiveCfg = Release|Any CPU
		{D511DFCF-6B36-431D-9381-BF05DFB965E3}.Release|Any CPU.Build.0 = Release|Any CPU
		{D511DFCF-6B36-431D-9381-BF05DFB965E3}.Release|iPhone.ActiveCfg = Release|Any CPU
		{D511DFCF-6B36-431D-9381-BF05DFB965E3}.Release|iPhone.Build.0 = Release|Any CPU
		{D511DFCF-6B36-431D-9381-BF05DFB965E3}.Release|iPhoneSimulator.ActiveCfg = Release|Any CPU
		{D511DFCF-6B36-431D-9381-BF05DFB965E3}.Release|iPhoneSimulator.Build.0 = Release|Any CPU
		{ED18D472-84FA-4C32-88BF-B14F8FEB8177}.Debug|Any CPU.ActiveCfg = Debug|iPhoneSimulator
		{ED18D472-84FA-4C32-88BF-B14F8FEB8177}.Debug|Any CPU.Build.0 = Debug|iPhoneSimulator
		{ED18D472-84FA-4C32-88BF-B14F8FEB8177}.Release|Any CPU.ActiveCfg = Release|iPhone
		{ED18D472-84FA-4C32-88BF-B14F8FEB8177}.Release|Any CPU.Build.0 = Release|iPhone
		{ED18D472-84FA-4C32-88BF-B14F8FEB8177}.Debug|iPhoneSimulator.ActiveCfg = Debug|iPhoneSimulator
		{ED18D472-84FA-4C32-88BF-B14F8FEB8177}.Debug|iPhoneSimulator.Build.0 = Debug|iPhoneSimulator
		{ED18D472-84FA-4C32-88BF-B14F8FEB8177}.Release|iPhone.ActiveCfg = Release|iPhone
		{ED18D472-84FA-4C32-88BF-B14F8FEB8177}.Release|iPhone.Build.0 = Release|iPhone
		{ED18D472-84FA-4C32-88BF-B14F8FEB8177}.Release|iPhoneSimulator.ActiveCfg = Release|iPhoneSimulator
		{ED18D472-84FA-4C32-88BF-B14F8FEB8177}.Release|iPhoneSimulator.Build.0 = Release|iPhoneSimulator
		{ED18D472-84FA-4C32-88BF-B14F8FEB8177}.Debug|iPhone.ActiveCfg = Debug|iPhone
		{ED18D472-84FA-4C32-88BF-B14F8FEB8177}.Debug|iPhone.Build.0 = Debug|iPhone
	EndGlobalSection
	GlobalSection(NestedProjects) = preSolution
		{75905F64-B1C3-41E0-8284-F51588588B39} = {8F919445-3B15-4DC1-BB4A-501F6066D5AE}
		{ED18D472-84FA-4C32-88BF-B14F8FEB8177} = {8F919445-3B15-4DC1-BB4A-501F6066D5AE}
	EndGlobalSection
	GlobalSection(MonoDevelopProperties) = preSolution
		Policies = $0
		$0.DotNetNamingPolicy = $1
		$1.DirectoryNamespaceAssociation = None
		$1.ResourceNamePolicy = FileFormatDefault
		$0.TextStylePolicy = $2
		$2.inheritsSet = null
		$2.scope = text/css
		$0.XmlFormattingPolicy = $3
		$3.inheritsSet = null
		$3.scope = application/vnd.apple-xcode-storyboard
		$0.TextStylePolicy = $4
		$4.inheritsSet = null
		$4.scope = text/css
		$0.StandardHeader = $5
		$5.Text = 
		$5.IncludeInNewFiles = True
		$0.NameConventionPolicy = $6
		$6.Rules = $7
		$7.NamingRule = $8
		$8.Name = Type Parameters
		$8.RequiredPrefixes = $9
		$9.String = T
		$8.RequiredSuffixes = $10
		$10.String = Exception
		$8.AffectedEntity = TypeParameter
		$8.VisibilityMask = VisibilityMask
		$8.NamingStyle = PascalCase
		$8.IncludeInstanceMembers = True
		$8.IncludeStaticEntities = True
		$7.NamingRule = $11
		$11.Name = Types
		$11.AffectedEntity = Class, Struct, Enum, Delegate
		$11.VisibilityMask = Public
		$11.NamingStyle = PascalCase
		$11.IncludeInstanceMembers = True
		$11.IncludeStaticEntities = True
		$7.NamingRule = $12
		$12.Name = Interfaces
		$12.RequiredPrefixes = $13
		$13.String = I
		$12.AffectedEntity = Interface
		$12.VisibilityMask = Public
		$12.NamingStyle = PascalCase
		$12.IncludeInstanceMembers = True
		$12.IncludeStaticEntities = True
		$7.NamingRule = $14
		$14.Name = Attributes
		$14.RequiredSuffixes = $15
		$15.String = Attribute
		$14.AffectedEntity = CustomAttributes
		$14.VisibilityMask = Public
		$14.NamingStyle = PascalCase
		$14.IncludeInstanceMembers = True
		$14.IncludeStaticEntities = True
		$7.NamingRule = $16
		$16.Name = Event Arguments
		$16.RequiredSuffixes = $17
		$17.String = EventArgs
		$16.AffectedEntity = CustomEventArgs
		$16.VisibilityMask = Public
		$16.NamingStyle = PascalCase
		$16.IncludeInstanceMembers = True
		$16.IncludeStaticEntities = True
		$7.NamingRule = $18
		$18.Name = Exceptions
		$18.RequiredSuffixes = $19
		$19.String = Exception
		$18.AffectedEntity = CustomExceptions
		$18.VisibilityMask = VisibilityMask
		$18.NamingStyle = PascalCase
		$18.IncludeInstanceMembers = True
		$18.IncludeStaticEntities = True
		$7.NamingRule = $20
		$20.Name = Methods
		$20.AffectedEntity = Methods
		$20.VisibilityMask = Protected, Public
		$20.NamingStyle = PascalCase
		$20.IncludeInstanceMembers = True
		$20.IncludeStaticEntities = True
		$7.NamingRule = $21
		$21.Name = Static Readonly Fields
		$21.AffectedEntity = ReadonlyField
		$21.VisibilityMask = Protected, Public
		$21.NamingStyle = PascalCase
		$21.IncludeInstanceMembers = False
		$21.IncludeStaticEntities = True
		$7.NamingRule = $22
		$22.Name = Fields
		$22.AffectedEntity = Field
		$22.VisibilityMask = Protected, Public
		$22.NamingStyle = PascalCase
		$22.IncludeInstanceMembers = True
		$22.IncludeStaticEntities = True
		$7.NamingRule = $23
		$23.Name = ReadOnly Fields
		$23.AffectedEntity = ReadonlyField
		$23.VisibilityMask = Protected, Public
		$23.NamingStyle = PascalCase
		$23.IncludeInstanceMembers = True
		$23.IncludeStaticEntities = False
		$7.NamingRule = $24
		$24.Name = Constant Fields
		$24.AffectedEntity = ConstantField
		$24.VisibilityMask = Protected, Public
		$24.NamingStyle = PascalCase
		$24.IncludeInstanceMembers = True
		$24.IncludeStaticEntities = True
		$7.NamingRule = $25
		$25.Name = Properties
		$25.AffectedEntity = Property
		$25.VisibilityMask = Protected, Public
		$25.NamingStyle = PascalCase
		$25.IncludeInstanceMembers = True
		$25.IncludeStaticEntities = True
		$7.NamingRule = $26
		$26.Name = Events
		$26.AffectedEntity = Event
		$26.VisibilityMask = Protected, Public
		$26.NamingStyle = PascalCase
		$26.IncludeInstanceMembers = True
		$26.IncludeStaticEntities = True
		$7.NamingRule = $27
		$27.Name = Enum Members
		$27.AffectedEntity = EnumMember
		$27.VisibilityMask = VisibilityMask
		$27.NamingStyle = PascalCase
		$27.IncludeInstanceMembers = True
		$27.IncludeStaticEntities = True
		$7.NamingRule = $28
		$28.Name = Parameters
		$28.AffectedEntity = Parameter
		$28.VisibilityMask = VisibilityMask
		$28.NamingStyle = CamelCase
		$28.IncludeInstanceMembers = True
		$28.IncludeStaticEntities = True
		$7.NamingRule = $29
		$29.Name = Type Parameters
		$29.RequiredPrefixes = $30
		$30.String = T
		$29.AffectedEntity = TypeParameter
		$29.VisibilityMask = VisibilityMask
		$29.NamingStyle = PascalCase
		$29.IncludeInstanceMembers = True
		$29.IncludeStaticEntities = True
		$0.VersionControlPolicy = $31
		$31.inheritsSet = Mono
		version = 1.0
	EndGlobalSection
EndGlobal
