
Microsoft Visual Studio Solution File, Format Version 11.00
# Visual Studio 2010
Project("{FAE04EC0-301F-11D3-BF4B-00C04F79EFBC}") = "TextStyles.Droid", "TextStyles.Droid.csproj", "{B77C703E-9E25-4911-B87D-A52AECE41091}"
EndProject
Global
	GlobalSection(SolutionConfigurationPlatforms) = preSolution
		Debug|Any CPU = Debug|Any CPU
		Release|Any CPU = Release|Any CPU
	EndGlobalSection
	GlobalSection(ProjectConfigurationPlatforms) = postSolution
		{B77C703E-9E25-4911-B87D-A52AECE41091}.Debug|Any CPU.ActiveCfg = Debug|Any CPU
		{B77C703E-9E25-4911-B87D-A52AECE41091}.Debug|Any CPU.Build.0 = Debug|Any CPU
		{B77C703E-9E25-4911-B87D-A52AECE41091}.Release|Any CPU.ActiveCfg = Release|Any CPU
		{B77C703E-9E25-4911-B87D-A52AECE41091}.Release|Any CPU.Build.0 = Release|Any CPU
	EndGlobalSection
EndGlobal
